
Microsoft Visual Studio Solution File, Format Version 12.00
# Visual Studio Version 17
VisualStudioVersion = 17.5.33502.453
MinimumVisualStudioVersion = 10.0.40219.1
Project("{9A19103F-16F7-4668-BE54-9A1E7A4F7556}") = "rm.FeatureToggle", "src\rm.FeatureToggle\rm.FeatureToggle.csproj", "{3CEF7BD4-C7BD-42DA-A939-F6CA67A68CAB}"
EndProject
Project("{9A19103F-16F7-4668-BE54-9A1E7A4F7556}") = "rm.FeatureToggleTest", "tests\rm.FeatureToggleTest\rm.FeatureToggleTest.csproj", "{6E55A0DE-7DC1-4816-BA72-E749B7322AA9}"
EndProject
Project("{2150E333-8FDC-42A3-9474-1A3956D46DE8}") = "Solution Items", "Solution Items", "{B7435A66-EBDD-4BAD-A401-721AA34706C3}"
	ProjectSection(SolutionItems) = preProject
		Directory.Packages.props = Directory.Packages.props
		LICENSE = LICENSE
		README.md = README.md
	EndProjectSection
EndProject
Global
	GlobalSection(SolutionConfigurationPlatforms) = preSolution
		Debug|Any CPU = Debug|Any CPU
		Release|Any CPU = Release|Any CPU
	EndGlobalSection
	GlobalSection(ProjectConfigurationPlatforms) = postSolution
		{3CEF7BD4-C7BD-42DA-A939-F6CA67A68CAB}.Debug|Any CPU.ActiveCfg = Debug|Any CPU
		{3CEF7BD4-C7BD-42DA-A939-F6CA67A68CAB}.Debug|Any CPU.Build.0 = Debug|Any CPU
		{3CEF7BD4-C7BD-42DA-A939-F6CA67A68CAB}.Release|Any CPU.ActiveCfg = Release|Any CPU
		{3CEF7BD4-C7BD-42DA-A939-F6CA67A68CAB}.Release|Any CPU.Build.0 = Release|Any CPU
		{6E55A0DE-7DC1-4816-BA72-E749B7322AA9}.Debug|Any CPU.ActiveCfg = Debug|Any CPU
		{6E55A0DE-7DC1-4816-BA72-E749B7322AA9}.Debug|Any CPU.Build.0 = Debug|Any CPU
		{6E55A0DE-7DC1-4816-BA72-E749B7322AA9}.Release|Any CPU.ActiveCfg = Release|Any CPU
		{6E55A0DE-7DC1-4816-BA72-E749B7322AA9}.Release|Any CPU.Build.0 = Release|Any CPU
	EndGlobalSection
	GlobalSection(SolutionProperties) = preSolution
		HideSolutionNode = FALSE
	EndGlobalSection
	GlobalSection(ExtensibilityGlobals) = postSolution
		SolutionGuid = {52C638E9-9936-4593-BFA3-8315C5C0B60C}
	EndGlobalSection
EndGlobal
